// !$*UTF8*$!
{
	archiveVersion = 1;
	classes = {
	};
	objectVersion = 54;
	objects = {

/* Begin PBXBuildFile section */
		00E356F31AD99517003FC87E /* FoodInventoryTests.m in Sources */ = {isa = PBXBuildFile; fileRef = 00E356F21AD99517003FC87E /* FoodInventoryTests.m */; };
		13B07FBC1A68108700A75B9A /* AppDelegate.m in Sources */ = {isa = PBXBuildFile; fileRef = 13B07FB01A68108700A75B9A /* AppDelegate.m */; };
		13B07FBF1A68108700A75B9A /* Images.xcassets in Resources */ = {isa = PBXBuildFile; fileRef = 13B07FB51A68108700A75B9A /* Images.xcassets */; };
		13B07FC11A68108700A75B9A /* main.m in Sources */ = {isa = PBXBuildFile; fileRef = 13B07FB71A68108700A75B9A /* main.m */; };
		81AB9BB82411601600AC10FF /* LaunchScreen.storyboard in Resources */ = {isa = PBXBuildFile; fileRef = 81AB9BB72411601600AC10FF /* LaunchScreen.storyboard */; };
		5303A66972D343B682293660 /* AntDesign.ttf in Resources */ = {isa = PBXBuildFile; fileRef = D06806E460BA4988988A2B03 /* AntDesign.ttf */; };
		89A3EFC7830941048A8F86F1 /* Entypo.ttf in Resources */ = {isa = PBXBuildFile; fileRef = 77E3FCC5523D4EE1892AFEE2 /* Entypo.ttf */; };
		530CB16CF78E49949EBBDBE1 /* EvilIcons.ttf in Resources */ = {isa = PBXBuildFile; fileRef = 65666DFD5471428DB065B71C /* EvilIcons.ttf */; };
		4E6A3B3E71A44A59AC14CEE3 /* Feather.ttf in Resources */ = {isa = PBXBuildFile; fileRef = 2AA56892763C429FBED8C4FA /* Feather.ttf */; };
		F279A98056604E4C8E9123E7 /* FontAwesome.ttf in Resources */ = {isa = PBXBuildFile; fileRef = E607831D9CD545C2A3F33B9E /* FontAwesome.ttf */; };
		CF82ADBCE5B94A2C9E72906A /* FontAwesome5_Brands.ttf in Resources */ = {isa = PBXBuildFile; fileRef = 8C9B4FAA1AB9431BA49D4871 /* FontAwesome5_Brands.ttf */; };
		CB26F0D789074FC6B2E5BF49 /* FontAwesome5_Regular.ttf in Resources */ = {isa = PBXBuildFile; fileRef = 292C3197BA074E8280F5F731 /* FontAwesome5_Regular.ttf */; };
		159E2C6CC44D4D48A3BF4BE9 /* FontAwesome5_Solid.ttf in Resources */ = {isa = PBXBuildFile; fileRef = B2553924A12B46989972B2A6 /* FontAwesome5_Solid.ttf */; };
		51DB5DC392E54928B55D4A54 /* Fontisto.ttf in Resources */ = {isa = PBXBuildFile; fileRef = B5C23010A6324ABDBB68CEBF /* Fontisto.ttf */; };
		4C91CE0C4AEB4BEF8ADC90E9 /* Foundation.ttf in Resources */ = {isa = PBXBuildFile; fileRef = E99DAE9773C94F6D9BDBEA49 /* Foundation.ttf */; };
		6B7AE96892D34F70A8B5B99D /* Ionicons.ttf in Resources */ = {isa = PBXBuildFile; fileRef = 8AF5B2BB17A94EA397927059 /* Ionicons.ttf */; };
		01F5AA392EFF48FB9B8A74FC /* MaterialCommunityIcons.ttf in Resources */ = {isa = PBXBuildFile; fileRef = FF3CC9962882448CB3005DA4 /* MaterialCommunityIcons.ttf */; };
		5AE89531DE65444C8D448B35 /* MaterialIcons.ttf in Resources */ = {isa = PBXBuildFile; fileRef = EF2EFF166B31416DA8D4445D /* MaterialIcons.ttf */; };
		22949CB9C7694E6BBB471738 /* Octicons.ttf in Resources */ = {isa = PBXBuildFile; fileRef = A5599A0499944F85A2ECBFAF /* Octicons.ttf */; };
		499B627A67C3441EA61E4C83 /* SimpleLineIcons.ttf in Resources */ = {isa = PBXBuildFile; fileRef = E14A05E9AE8949BD9E5BA596 /* SimpleLineIcons.ttf */; };
		4489512026484378901159FD /* Zocial.ttf in Resources */ = {isa = PBXBuildFile; fileRef = 5D1D1411904844FAAFB747B9 /* Zocial.ttf */; };
		AD6C50D97885481C9484B297 /* FuturaPT-Bold.ttf in Resources */ = {isa = PBXBuildFile; fileRef = D59AA2651FA941ABB83B3352 /* FuturaPT-Bold.ttf */; };
		A1FFC697242C46EB941CDF78 /* FuturaPT-BoldObl.ttf in Resources */ = {isa = PBXBuildFile; fileRef = 882BE8FAE86C400E928113BB /* FuturaPT-BoldObl.ttf */; };
		138D716101F346F3A2F797C2 /* FuturaPT-Book.ttf in Resources */ = {isa = PBXBuildFile; fileRef = F007C0E6720B43E5A00CFF1B /* FuturaPT-Book.ttf */; };
		7CB7F897111B424FADE25070 /* FuturaPT-BookObl.ttf in Resources */ = {isa = PBXBuildFile; fileRef = EE94A574EC4644F6962654BD /* FuturaPT-BookObl.ttf */; };
		6958D1D5CFA9490EA0F4E65B /* FuturaPT-Demi.ttf in Resources */ = {isa = PBXBuildFile; fileRef = 81FE963A0DF24F88BB69C5B2 /* FuturaPT-Demi.ttf */; };
		9B0EA21B6C474F0DB52BC68E /* FuturaPT-DemiObl.ttf in Resources */ = {isa = PBXBuildFile; fileRef = 04106BF787E74696A45D2409 /* FuturaPT-DemiObl.ttf */; };
		8E6633AC93EB41E39393CA4B /* FuturaPT-ExtraBold.ttf in Resources */ = {isa = PBXBuildFile; fileRef = 1F74AFC990E14C54B785C290 /* FuturaPT-ExtraBold.ttf */; };
		9ABC5D273EB64ED4B39763CC /* FuturaPT-ExtraBoldObl.ttf in Resources */ = {isa = PBXBuildFile; fileRef = A051F50E10594CF2B39FCC54 /* FuturaPT-ExtraBoldObl.ttf */; };
		A024E675CD76414D8139A721 /* FuturaPT-Heavy.ttf in Resources */ = {isa = PBXBuildFile; fileRef = F79FA2AF577143CB9CBC2771 /* FuturaPT-Heavy.ttf */; };
		8D57DEF5ADDA4BD08E7A3D7E /* FuturaPT-HeavyObl.ttf in Resources */ = {isa = PBXBuildFile; fileRef = AD6C006ABEBA4C09B2F4EE3D /* FuturaPT-HeavyObl.ttf */; };
		BAC014812F5F4C02AD15ABC8 /* FuturaPT-Light.ttf in Resources */ = {isa = PBXBuildFile; fileRef = 378A1307DA084785B485CF76 /* FuturaPT-Light.ttf */; };
		A8368074D6BB4E9197002708 /* FuturaPT-LightObl.ttf in Resources */ = {isa = PBXBuildFile; fileRef = D5EC6116310A42B88BD11F16 /* FuturaPT-LightObl.ttf */; };
		7767868A89B34B4887E80144 /* FuturaPT-Medium.ttf in Resources */ = {isa = PBXBuildFile; fileRef = 686657452B674B5B85A27662 /* FuturaPT-Medium.ttf */; };
		7860CC1A7B674F82B76B788F /* FuturaPT-MediumObl.ttf in Resources */ = {isa = PBXBuildFile; fileRef = 0B4AE82CBA9840AAB06E2616 /* FuturaPT-MediumObl.ttf */; };
		B1A6B207512049D98B11DBB7 /* FuturaPTCond-Bold.ttf in Resources */ = {isa = PBXBuildFile; fileRef = 9D84A6BA233640CDA0BEFDE7 /* FuturaPTCond-Bold.ttf */; };
		FBAF567516B8495C941D8A85 /* FuturaPTCond-BoldObl.ttf in Resources */ = {isa = PBXBuildFile; fileRef = 6213B15030B34085BEDEE17F /* FuturaPTCond-BoldObl.ttf */; };
		2764D213E4AA48F782F9563C /* FuturaPTCond-Book.ttf in Resources */ = {isa = PBXBuildFile; fileRef = B915AA8433994AB28679D4EF /* FuturaPTCond-Book.ttf */; };
		FF6C9CF82D2845E8ACE325C1 /* FuturaPTCond-BookObl.ttf in Resources */ = {isa = PBXBuildFile; fileRef = 7BB51EA4B77048AC9FB0EBD4 /* FuturaPTCond-BookObl.ttf */; };
		4376779DE06F4B599D460D15 /* FuturaPTCond-ExtraBold.ttf in Resources */ = {isa = PBXBuildFile; fileRef = 6084230FAF184741B6952D42 /* FuturaPTCond-ExtraBold.ttf */; };
		BD901A81404448CAB1060D16 /* FuturaPTCond-ExtraBoldObl.ttf in Resources */ = {isa = PBXBuildFile; fileRef = 16EFE97D0A73423DBC04B795 /* FuturaPTCond-ExtraBoldObl.ttf */; };
		484558D7FDEE4C95B29FB219 /* FuturaPTCond-Medium.ttf in Resources */ = {isa = PBXBuildFile; fileRef = 8FE06C70B4914B83A8CF8A97 /* FuturaPTCond-Medium.ttf */; };
		8755594496E24278AAF3A4B4 /* FuturaPTCond-MediumObl.ttf in Resources */ = {isa = PBXBuildFile; fileRef = 28542613B38E49D188F7956A /* FuturaPTCond-MediumObl.ttf */; };
		D37832083E134BD3860A3C31 /* Raleway-Medium.ttf in Resources */ = {isa = PBXBuildFile; fileRef = FED927EBB696496883045320 /* Raleway-Medium.ttf */; };
/* End PBXBuildFile section */

/* Begin PBXContainerItemProxy section */
		00E356F41AD99517003FC87E /* PBXContainerItemProxy */ = {
			isa = PBXContainerItemProxy;
			containerPortal = 83CBB9F71A601CBA00E9B192 /* Project object */;
			proxyType = 1;
			remoteGlobalIDString = 13B07F861A680F5B00A75B9A;
			remoteInfo = FoodInventory;
		};
/* End PBXContainerItemProxy section */

/* Begin PBXFileReference section */
		00E356EE1AD99517003FC87E /* FoodInventoryTests.xctest */ = {isa = PBXFileReference; explicitFileType = wrapper.cfbundle; includeInIndex = 0; path = FoodInventoryTests.xctest; sourceTree = BUILT_PRODUCTS_DIR; };
		00E356F11AD99517003FC87E /* Info.plist */ = {isa = PBXFileReference; lastKnownFileType = text.plist.xml; path = Info.plist; sourceTree = "<group>"; };
		00E356F21AD99517003FC87E /* FoodInventoryTests.m */ = {isa = PBXFileReference; lastKnownFileType = sourcecode.c.objc; path = FoodInventoryTests.m; sourceTree = "<group>"; };
		13B07F961A680F5B00A75B9A /* FoodInventory.app */ = {isa = PBXFileReference; explicitFileType = wrapper.application; includeInIndex = 0; path = FoodInventory.app; sourceTree = BUILT_PRODUCTS_DIR; };
		13B07FAF1A68108700A75B9A /* AppDelegate.h */ = {isa = PBXFileReference; fileEncoding = 4; lastKnownFileType = sourcecode.c.h; name = AppDelegate.h; path = FoodInventory/AppDelegate.h; sourceTree = "<group>"; };
		13B07FB01A68108700A75B9A /* AppDelegate.m */ = {isa = PBXFileReference; fileEncoding = 4; lastKnownFileType = sourcecode.c.objc; name = AppDelegate.m; path = FoodInventory/AppDelegate.m; sourceTree = "<group>"; };
		13B07FB51A68108700A75B9A /* Images.xcassets */ = {isa = PBXFileReference; lastKnownFileType = folder.assetcatalog; name = Images.xcassets; path = FoodInventory/Images.xcassets; sourceTree = "<group>"; };
		13B07FB61A68108700A75B9A /* Info.plist */ = {isa = PBXFileReference; fileEncoding = 4; lastKnownFileType = text.plist.xml; name = Info.plist; path = FoodInventory/Info.plist; sourceTree = "<group>"; };
		13B07FB71A68108700A75B9A /* main.m */ = {isa = PBXFileReference; fileEncoding = 4; lastKnownFileType = sourcecode.c.objc; name = main.m; path = FoodInventory/main.m; sourceTree = "<group>"; };
		81AB9BB72411601600AC10FF /* LaunchScreen.storyboard */ = {isa = PBXFileReference; fileEncoding = 4; lastKnownFileType = file.storyboard; name = LaunchScreen.storyboard; path = FoodInventory/LaunchScreen.storyboard; sourceTree = "<group>"; };
		ED297162215061F000B7C4FE /* JavaScriptCore.framework */ = {isa = PBXFileReference; lastKnownFileType = wrapper.framework; name = JavaScriptCore.framework; path = System/Library/Frameworks/JavaScriptCore.framework; sourceTree = SDKROOT; };
		D06806E460BA4988988A2B03 /* AntDesign.ttf */ = {isa = PBXFileReference; name = "AntDesign.ttf"; path = "../node_modules/react-native-vector-icons/Fonts/AntDesign.ttf"; sourceTree = "<group>"; fileEncoding = undefined; lastKnownFileType = unknown; explicitFileType = undefined; includeInIndex = 0; };
		77E3FCC5523D4EE1892AFEE2 /* Entypo.ttf */ = {isa = PBXFileReference; name = "Entypo.ttf"; path = "../node_modules/react-native-vector-icons/Fonts/Entypo.ttf"; sourceTree = "<group>"; fileEncoding = undefined; lastKnownFileType = unknown; explicitFileType = undefined; includeInIndex = 0; };
		65666DFD5471428DB065B71C /* EvilIcons.ttf */ = {isa = PBXFileReference; name = "EvilIcons.ttf"; path = "../node_modules/react-native-vector-icons/Fonts/EvilIcons.ttf"; sourceTree = "<group>"; fileEncoding = undefined; lastKnownFileType = unknown; explicitFileType = undefined; includeInIndex = 0; };
		2AA56892763C429FBED8C4FA /* Feather.ttf */ = {isa = PBXFileReference; name = "Feather.ttf"; path = "../node_modules/react-native-vector-icons/Fonts/Feather.ttf"; sourceTree = "<group>"; fileEncoding = undefined; lastKnownFileType = unknown; explicitFileType = undefined; includeInIndex = 0; };
		E607831D9CD545C2A3F33B9E /* FontAwesome.ttf */ = {isa = PBXFileReference; name = "FontAwesome.ttf"; path = "../node_modules/react-native-vector-icons/Fonts/FontAwesome.ttf"; sourceTree = "<group>"; fileEncoding = undefined; lastKnownFileType = unknown; explicitFileType = undefined; includeInIndex = 0; };
		8C9B4FAA1AB9431BA49D4871 /* FontAwesome5_Brands.ttf */ = {isa = PBXFileReference; name = "FontAwesome5_Brands.ttf"; path = "../node_modules/react-native-vector-icons/Fonts/FontAwesome5_Brands.ttf"; sourceTree = "<group>"; fileEncoding = undefined; lastKnownFileType = unknown; explicitFileType = undefined; includeInIndex = 0; };
		292C3197BA074E8280F5F731 /* FontAwesome5_Regular.ttf */ = {isa = PBXFileReference; name = "FontAwesome5_Regular.ttf"; path = "../node_modules/react-native-vector-icons/Fonts/FontAwesome5_Regular.ttf"; sourceTree = "<group>"; fileEncoding = undefined; lastKnownFileType = unknown; explicitFileType = undefined; includeInIndex = 0; };
		B2553924A12B46989972B2A6 /* FontAwesome5_Solid.ttf */ = {isa = PBXFileReference; name = "FontAwesome5_Solid.ttf"; path = "../node_modules/react-native-vector-icons/Fonts/FontAwesome5_Solid.ttf"; sourceTree = "<group>"; fileEncoding = undefined; lastKnownFileType = unknown; explicitFileType = undefined; includeInIndex = 0; };
		B5C23010A6324ABDBB68CEBF /* Fontisto.ttf */ = {isa = PBXFileReference; name = "Fontisto.ttf"; path = "../node_modules/react-native-vector-icons/Fonts/Fontisto.ttf"; sourceTree = "<group>"; fileEncoding = undefined; lastKnownFileType = unknown; explicitFileType = undefined; includeInIndex = 0; };
		E99DAE9773C94F6D9BDBEA49 /* Foundation.ttf */ = {isa = PBXFileReference; name = "Foundation.ttf"; path = "../node_modules/react-native-vector-icons/Fonts/Foundation.ttf"; sourceTree = "<group>"; fileEncoding = undefined; lastKnownFileType = unknown; explicitFileType = undefined; includeInIndex = 0; };
		8AF5B2BB17A94EA397927059 /* Ionicons.ttf */ = {isa = PBXFileReference; name = "Ionicons.ttf"; path = "../node_modules/react-native-vector-icons/Fonts/Ionicons.ttf"; sourceTree = "<group>"; fileEncoding = undefined; lastKnownFileType = unknown; explicitFileType = undefined; includeInIndex = 0; };
		FF3CC9962882448CB3005DA4 /* MaterialCommunityIcons.ttf */ = {isa = PBXFileReference; name = "MaterialCommunityIcons.ttf"; path = "../node_modules/react-native-vector-icons/Fonts/MaterialCommunityIcons.ttf"; sourceTree = "<group>"; fileEncoding = undefined; lastKnownFileType = unknown; explicitFileType = undefined; includeInIndex = 0; };
		EF2EFF166B31416DA8D4445D /* MaterialIcons.ttf */ = {isa = PBXFileReference; name = "MaterialIcons.ttf"; path = "../node_modules/react-native-vector-icons/Fonts/MaterialIcons.ttf"; sourceTree = "<group>"; fileEncoding = undefined; lastKnownFileType = unknown; explicitFileType = undefined; includeInIndex = 0; };
		A5599A0499944F85A2ECBFAF /* Octicons.ttf */ = {isa = PBXFileReference; name = "Octicons.ttf"; path = "../node_modules/react-native-vector-icons/Fonts/Octicons.ttf"; sourceTree = "<group>"; fileEncoding = undefined; lastKnownFileType = unknown; explicitFileType = undefined; includeInIndex = 0; };
		E14A05E9AE8949BD9E5BA596 /* SimpleLineIcons.ttf */ = {isa = PBXFileReference; name = "SimpleLineIcons.ttf"; path = "../node_modules/react-native-vector-icons/Fonts/SimpleLineIcons.ttf"; sourceTree = "<group>"; fileEncoding = undefined; lastKnownFileType = unknown; explicitFileType = undefined; includeInIndex = 0; };
		5D1D1411904844FAAFB747B9 /* Zocial.ttf */ = {isa = PBXFileReference; name = "Zocial.ttf"; path = "../node_modules/react-native-vector-icons/Fonts/Zocial.ttf"; sourceTree = "<group>"; fileEncoding = undefined; lastKnownFileType = unknown; explicitFileType = undefined; includeInIndex = 0; };
		D59AA2651FA941ABB83B3352 /* FuturaPT-Bold.ttf */ = {isa = PBXFileReference; name = "FuturaPT-Bold.ttf"; path = "../assets/FuturaPT-Bold.ttf"; sourceTree = "<group>"; fileEncoding = undefined; lastKnownFileType = unknown; explicitFileType = undefined; includeInIndex = 0; };
		882BE8FAE86C400E928113BB /* FuturaPT-BoldObl.ttf */ = {isa = PBXFileReference; name = "FuturaPT-BoldObl.ttf"; path = "../assets/FuturaPT-BoldObl.ttf"; sourceTree = "<group>"; fileEncoding = undefined; lastKnownFileType = unknown; explicitFileType = undefined; includeInIndex = 0; };
		F007C0E6720B43E5A00CFF1B /* FuturaPT-Book.ttf */ = {isa = PBXFileReference; name = "FuturaPT-Book.ttf"; path = "../assets/FuturaPT-Book.ttf"; sourceTree = "<group>"; fileEncoding = undefined; lastKnownFileType = unknown; explicitFileType = undefined; includeInIndex = 0; };
		EE94A574EC4644F6962654BD /* FuturaPT-BookObl.ttf */ = {isa = PBXFileReference; name = "FuturaPT-BookObl.ttf"; path = "../assets/FuturaPT-BookObl.ttf"; sourceTree = "<group>"; fileEncoding = undefined; lastKnownFileType = unknown; explicitFileType = undefined; includeInIndex = 0; };
		81FE963A0DF24F88BB69C5B2 /* FuturaPT-Demi.ttf */ = {isa = PBXFileReference; name = "FuturaPT-Demi.ttf"; path = "../assets/FuturaPT-Demi.ttf"; sourceTree = "<group>"; fileEncoding = undefined; lastKnownFileType = unknown; explicitFileType = undefined; includeInIndex = 0; };
		04106BF787E74696A45D2409 /* FuturaPT-DemiObl.ttf */ = {isa = PBXFileReference; name = "FuturaPT-DemiObl.ttf"; path = "../assets/FuturaPT-DemiObl.ttf"; sourceTree = "<group>"; fileEncoding = undefined; lastKnownFileType = unknown; explicitFileType = undefined; includeInIndex = 0; };
		1F74AFC990E14C54B785C290 /* FuturaPT-ExtraBold.ttf */ = {isa = PBXFileReference; name = "FuturaPT-ExtraBold.ttf"; path = "../assets/FuturaPT-ExtraBold.ttf"; sourceTree = "<group>"; fileEncoding = undefined; lastKnownFileType = unknown; explicitFileType = undefined; includeInIndex = 0; };
		A051F50E10594CF2B39FCC54 /* FuturaPT-ExtraBoldObl.ttf */ = {isa = PBXFileReference; name = "FuturaPT-ExtraBoldObl.ttf"; path = "../assets/FuturaPT-ExtraBoldObl.ttf"; sourceTree = "<group>"; fileEncoding = undefined; lastKnownFileType = unknown; explicitFileType = undefined; includeInIndex = 0; };
		F79FA2AF577143CB9CBC2771 /* FuturaPT-Heavy.ttf */ = {isa = PBXFileReference; name = "FuturaPT-Heavy.ttf"; path = "../assets/FuturaPT-Heavy.ttf"; sourceTree = "<group>"; fileEncoding = undefined; lastKnownFileType = unknown; explicitFileType = undefined; includeInIndex = 0; };
		AD6C006ABEBA4C09B2F4EE3D /* FuturaPT-HeavyObl.ttf */ = {isa = PBXFileReference; name = "FuturaPT-HeavyObl.ttf"; path = "../assets/FuturaPT-HeavyObl.ttf"; sourceTree = "<group>"; fileEncoding = undefined; lastKnownFileType = unknown; explicitFileType = undefined; includeInIndex = 0; };
		378A1307DA084785B485CF76 /* FuturaPT-Light.ttf */ = {isa = PBXFileReference; name = "FuturaPT-Light.ttf"; path = "../assets/FuturaPT-Light.ttf"; sourceTree = "<group>"; fileEncoding = undefined; lastKnownFileType = unknown; explicitFileType = undefined; includeInIndex = 0; };
		D5EC6116310A42B88BD11F16 /* FuturaPT-LightObl.ttf */ = {isa = PBXFileReference; name = "FuturaPT-LightObl.ttf"; path = "../assets/FuturaPT-LightObl.ttf"; sourceTree = "<group>"; fileEncoding = undefined; lastKnownFileType = unknown; explicitFileType = undefined; includeInIndex = 0; };
		686657452B674B5B85A27662 /* FuturaPT-Medium.ttf */ = {isa = PBXFileReference; name = "FuturaPT-Medium.ttf"; path = "../assets/FuturaPT-Medium.ttf"; sourceTree = "<group>"; fileEncoding = undefined; lastKnownFileType = unknown; explicitFileType = undefined; includeInIndex = 0; };
		0B4AE82CBA9840AAB06E2616 /* FuturaPT-MediumObl.ttf */ = {isa = PBXFileReference; name = "FuturaPT-MediumObl.ttf"; path = "../assets/FuturaPT-MediumObl.ttf"; sourceTree = "<group>"; fileEncoding = undefined; lastKnownFileType = unknown; explicitFileType = undefined; includeInIndex = 0; };
		9D84A6BA233640CDA0BEFDE7 /* FuturaPTCond-Bold.ttf */ = {isa = PBXFileReference; name = "FuturaPTCond-Bold.ttf"; path = "../assets/FuturaPTCond-Bold.ttf"; sourceTree = "<group>"; fileEncoding = undefined; lastKnownFileType = unknown; explicitFileType = undefined; includeInIndex = 0; };
		6213B15030B34085BEDEE17F /* FuturaPTCond-BoldObl.ttf */ = {isa = PBXFileReference; name = "FuturaPTCond-BoldObl.ttf"; path = "../assets/FuturaPTCond-BoldObl.ttf"; sourceTree = "<group>"; fileEncoding = undefined; lastKnownFileType = unknown; explicitFileType = undefined; includeInIndex = 0; };
		B915AA8433994AB28679D4EF /* FuturaPTCond-Book.ttf */ = {isa = PBXFileReference; name = "FuturaPTCond-Book.ttf"; path = "../assets/FuturaPTCond-Book.ttf"; sourceTree = "<group>"; fileEncoding = undefined; lastKnownFileType = unknown; explicitFileType = undefined; includeInIndex = 0; };
		7BB51EA4B77048AC9FB0EBD4 /* FuturaPTCond-BookObl.ttf */ = {isa = PBXFileReference; name = "FuturaPTCond-BookObl.ttf"; path = "../assets/FuturaPTCond-BookObl.ttf"; sourceTree = "<group>"; fileEncoding = undefined; lastKnownFileType = unknown; explicitFileType = undefined; includeInIndex = 0; };
		6084230FAF184741B6952D42 /* FuturaPTCond-ExtraBold.ttf */ = {isa = PBXFileReference; name = "FuturaPTCond-ExtraBold.ttf"; path = "../assets/FuturaPTCond-ExtraBold.ttf"; sourceTree = "<group>"; fileEncoding = undefined; lastKnownFileType = unknown; explicitFileType = undefined; includeInIndex = 0; };
		16EFE97D0A73423DBC04B795 /* FuturaPTCond-ExtraBoldObl.ttf */ = {isa = PBXFileReference; name = "FuturaPTCond-ExtraBoldObl.ttf"; path = "../assets/FuturaPTCond-ExtraBoldObl.ttf"; sourceTree = "<group>"; fileEncoding = undefined; lastKnownFileType = unknown; explicitFileType = undefined; includeInIndex = 0; };
		8FE06C70B4914B83A8CF8A97 /* FuturaPTCond-Medium.ttf */ = {isa = PBXFileReference; name = "FuturaPTCond-Medium.ttf"; path = "../assets/FuturaPTCond-Medium.ttf"; sourceTree = "<group>"; fileEncoding = undefined; lastKnownFileType = unknown; explicitFileType = undefined; includeInIndex = 0; };
		28542613B38E49D188F7956A /* FuturaPTCond-MediumObl.ttf */ = {isa = PBXFileReference; name = "FuturaPTCond-MediumObl.ttf"; path = "../assets/FuturaPTCond-MediumObl.ttf"; sourceTree = "<group>"; fileEncoding = undefined; lastKnownFileType = unknown; explicitFileType = undefined; includeInIndex = 0; };
		FED927EBB696496883045320 /* Raleway-Medium.ttf */ = {isa = PBXFileReference; name = "Raleway-Medium.ttf"; path = "../assets/Raleway-Medium.ttf"; sourceTree = "<group>"; fileEncoding = undefined; lastKnownFileType = unknown; explicitFileType = undefined; includeInIndex = 0; };
/* End PBXFileReference section */

/* Begin PBXFrameworksBuildPhase section */
		00E356EB1AD99517003FC87E /* Frameworks */ = {
			isa = PBXFrameworksBuildPhase;
			buildActionMask = 2147483647;
			files = (
			);
			runOnlyForDeploymentPostprocessing = 0;
		};
		13B07F8C1A680F5B00A75B9A /* Frameworks */ = {
			isa = PBXFrameworksBuildPhase;
			buildActionMask = 2147483647;
			files = (
			);
			runOnlyForDeploymentPostprocessing = 0;
		};
/* End PBXFrameworksBuildPhase section */

/* Begin PBXGroup section */
		00E356EF1AD99517003FC87E /* FoodInventoryTests */ = {
			isa = PBXGroup;
			children = (
				00E356F21AD99517003FC87E /* FoodInventoryTests.m */,
				00E356F01AD99517003FC87E /* Supporting Files */,
			);
			path = FoodInventoryTests;
			sourceTree = "<group>";
		};
		00E356F01AD99517003FC87E /* Supporting Files */ = {
			isa = PBXGroup;
			children = (
				00E356F11AD99517003FC87E /* Info.plist */,
			);
			name = "Supporting Files";
			sourceTree = "<group>";
		};
		13B07FAE1A68108700A75B9A /* FoodInventory */ = {
			isa = PBXGroup;
			children = (
				13B07FAF1A68108700A75B9A /* AppDelegate.h */,
				13B07FB01A68108700A75B9A /* AppDelegate.m */,
				13B07FB51A68108700A75B9A /* Images.xcassets */,
				13B07FB61A68108700A75B9A /* Info.plist */,
				81AB9BB72411601600AC10FF /* LaunchScreen.storyboard */,
				13B07FB71A68108700A75B9A /* main.m */,
			);
			name = FoodInventory;
			sourceTree = "<group>";
		};
		2D16E6871FA4F8E400B85C8A /* Frameworks */ = {
			isa = PBXGroup;
			children = (
				ED297162215061F000B7C4FE /* JavaScriptCore.framework */,
			);
			name = Frameworks;
			sourceTree = "<group>";
		};
		832341AE1AAA6A7D00B99B32 /* Libraries */ = {
			isa = PBXGroup;
			children = (
			);
			name = Libraries;
			sourceTree = "<group>";
		};
		83CBB9F61A601CBA00E9B192 = {
			isa = PBXGroup;
			children = (
				13B07FAE1A68108700A75B9A /* FoodInventory */,
				832341AE1AAA6A7D00B99B32 /* Libraries */,
				00E356EF1AD99517003FC87E /* FoodInventoryTests */,
				83CBBA001A601CBA00E9B192 /* Products */,
				2D16E6871FA4F8E400B85C8A /* Frameworks */,
				DB1E1449C5E54DB1A9FBE86D /* Resources */,
			);
			indentWidth = 2;
			sourceTree = "<group>";
			tabWidth = 2;
			usesTabs = 0;
		};
		83CBBA001A601CBA00E9B192 /* Products */ = {
			isa = PBXGroup;
			children = (
				13B07F961A680F5B00A75B9A /* FoodInventory.app */,
				00E356EE1AD99517003FC87E /* FoodInventoryTests.xctest */,
			);
			name = Products;
			sourceTree = "<group>";
		};
		DB1E1449C5E54DB1A9FBE86D /* Resources */ = {
			isa = "PBXGroup";
			children = (
				D06806E460BA4988988A2B03 /* AntDesign.ttf */,
				77E3FCC5523D4EE1892AFEE2 /* Entypo.ttf */,
				65666DFD5471428DB065B71C /* EvilIcons.ttf */,
				2AA56892763C429FBED8C4FA /* Feather.ttf */,
				E607831D9CD545C2A3F33B9E /* FontAwesome.ttf */,
				8C9B4FAA1AB9431BA49D4871 /* FontAwesome5_Brands.ttf */,
				292C3197BA074E8280F5F731 /* FontAwesome5_Regular.ttf */,
				B2553924A12B46989972B2A6 /* FontAwesome5_Solid.ttf */,
				B5C23010A6324ABDBB68CEBF /* Fontisto.ttf */,
				E99DAE9773C94F6D9BDBEA49 /* Foundation.ttf */,
				8AF5B2BB17A94EA397927059 /* Ionicons.ttf */,
				FF3CC9962882448CB3005DA4 /* MaterialCommunityIcons.ttf */,
				EF2EFF166B31416DA8D4445D /* MaterialIcons.ttf */,
				A5599A0499944F85A2ECBFAF /* Octicons.ttf */,
				E14A05E9AE8949BD9E5BA596 /* SimpleLineIcons.ttf */,
				5D1D1411904844FAAFB747B9 /* Zocial.ttf */,
				D59AA2651FA941ABB83B3352 /* FuturaPT-Bold.ttf */,
				882BE8FAE86C400E928113BB /* FuturaPT-BoldObl.ttf */,
				F007C0E6720B43E5A00CFF1B /* FuturaPT-Book.ttf */,
				EE94A574EC4644F6962654BD /* FuturaPT-BookObl.ttf */,
				81FE963A0DF24F88BB69C5B2 /* FuturaPT-Demi.ttf */,
				04106BF787E74696A45D2409 /* FuturaPT-DemiObl.ttf */,
				1F74AFC990E14C54B785C290 /* FuturaPT-ExtraBold.ttf */,
				A051F50E10594CF2B39FCC54 /* FuturaPT-ExtraBoldObl.ttf */,
				F79FA2AF577143CB9CBC2771 /* FuturaPT-Heavy.ttf */,
				AD6C006ABEBA4C09B2F4EE3D /* FuturaPT-HeavyObl.ttf */,
				378A1307DA084785B485CF76 /* FuturaPT-Light.ttf */,
				D5EC6116310A42B88BD11F16 /* FuturaPT-LightObl.ttf */,
				686657452B674B5B85A27662 /* FuturaPT-Medium.ttf */,
				0B4AE82CBA9840AAB06E2616 /* FuturaPT-MediumObl.ttf */,
				9D84A6BA233640CDA0BEFDE7 /* FuturaPTCond-Bold.ttf */,
				6213B15030B34085BEDEE17F /* FuturaPTCond-BoldObl.ttf */,
				B915AA8433994AB28679D4EF /* FuturaPTCond-Book.ttf */,
				7BB51EA4B77048AC9FB0EBD4 /* FuturaPTCond-BookObl.ttf */,
				6084230FAF184741B6952D42 /* FuturaPTCond-ExtraBold.ttf */,
				16EFE97D0A73423DBC04B795 /* FuturaPTCond-ExtraBoldObl.ttf */,
				8FE06C70B4914B83A8CF8A97 /* FuturaPTCond-Medium.ttf */,
				28542613B38E49D188F7956A /* FuturaPTCond-MediumObl.ttf */,
				FED927EBB696496883045320 /* Raleway-Medium.ttf */,
			);
			name = Resources;
			sourceTree = "<group>";
			path = "";
		};
/* End PBXGroup section */

/* Begin PBXNativeTarget section */
		00E356ED1AD99517003FC87E /* FoodInventoryTests */ = {
			isa = PBXNativeTarget;
			buildConfigurationList = 00E357021AD99517003FC87E /* Build configuration list for PBXNativeTarget "FoodInventoryTests" */;
			buildPhases = (
				00E356EA1AD99517003FC87E /* Sources */,
				00E356EB1AD99517003FC87E /* Frameworks */,
				00E356EC1AD99517003FC87E /* Resources */,
			);
			buildRules = (
			);
			dependencies = (
				00E356F51AD99517003FC87E /* PBXTargetDependency */,
			);
			name = FoodInventoryTests;
			productName = FoodInventoryTests;
			productReference = 00E356EE1AD99517003FC87E /* FoodInventoryTests.xctest */;
			productType = "com.apple.product-type.bundle.unit-test";
		};
		13B07F861A680F5B00A75B9A /* FoodInventory */ = {
			isa = PBXNativeTarget;
			buildConfigurationList = 13B07F931A680F5B00A75B9A /* Build configuration list for PBXNativeTarget "FoodInventory" */;
			buildPhases = (
				FD10A7F022414F080027D42C /* Start Packager */,
				13B07F871A680F5B00A75B9A /* Sources */,
				13B07F8C1A680F5B00A75B9A /* Frameworks */,
				13B07F8E1A680F5B00A75B9A /* Resources */,
				00DD1BFF1BD5951E006B06BC /* Bundle React Native code and images */,
			);
			buildRules = (
			);
			dependencies = (
			);
			name = FoodInventory;
			productName = FoodInventory;
			productReference = 13B07F961A680F5B00A75B9A /* FoodInventory.app */;
			productType = "com.apple.product-type.application";
		};
/* End PBXNativeTarget section */

/* Begin PBXProject section */
		83CBB9F71A601CBA00E9B192 /* Project object */ = {
			isa = PBXProject;
			attributes = {
				LastUpgradeCheck = 1210;
				TargetAttributes = {
					00E356ED1AD99517003FC87E = {
						CreatedOnToolsVersion = 6.2;
						TestTargetID = 13B07F861A680F5B00A75B9A;
					};
					13B07F861A680F5B00A75B9A = {
						LastSwiftMigration = 1120;
					};
				};
			};
			buildConfigurationList = 83CBB9FA1A601CBA00E9B192 /* Build configuration list for PBXProject "FoodInventory" */;
			compatibilityVersion = "Xcode 12.0";
			developmentRegion = en;
			hasScannedForEncodings = 0;
			knownRegions = (
				en,
				Base,
			);
			mainGroup = 83CBB9F61A601CBA00E9B192;
			productRefGroup = 83CBBA001A601CBA00E9B192 /* Products */;
			projectDirPath = "";
			projectRoot = "";
			targets = (
				13B07F861A680F5B00A75B9A /* FoodInventory */,
				00E356ED1AD99517003FC87E /* FoodInventoryTests */,
			);
		};
/* End PBXProject section */

/* Begin PBXResourcesBuildPhase section */
		00E356EC1AD99517003FC87E /* Resources */ = {
			isa = PBXResourcesBuildPhase;
			buildActionMask = 2147483647;
			files = (
			);
			runOnlyForDeploymentPostprocessing = 0;
		};
		13B07F8E1A680F5B00A75B9A /* Resources */ = {
			isa = PBXResourcesBuildPhase;
			buildActionMask = 2147483647;
			files = (
				81AB9BB82411601600AC10FF /* LaunchScreen.storyboard in Resources */,
				13B07FBF1A68108700A75B9A /* Images.xcassets in Resources */,
				5303A66972D343B682293660 /* AntDesign.ttf in Resources */,
				89A3EFC7830941048A8F86F1 /* Entypo.ttf in Resources */,
				530CB16CF78E49949EBBDBE1 /* EvilIcons.ttf in Resources */,
				4E6A3B3E71A44A59AC14CEE3 /* Feather.ttf in Resources */,
				F279A98056604E4C8E9123E7 /* FontAwesome.ttf in Resources */,
				CF82ADBCE5B94A2C9E72906A /* FontAwesome5_Brands.ttf in Resources */,
				CB26F0D789074FC6B2E5BF49 /* FontAwesome5_Regular.ttf in Resources */,
				159E2C6CC44D4D48A3BF4BE9 /* FontAwesome5_Solid.ttf in Resources */,
				51DB5DC392E54928B55D4A54 /* Fontisto.ttf in Resources */,
				4C91CE0C4AEB4BEF8ADC90E9 /* Foundation.ttf in Resources */,
				6B7AE96892D34F70A8B5B99D /* Ionicons.ttf in Resources */,
				01F5AA392EFF48FB9B8A74FC /* MaterialCommunityIcons.ttf in Resources */,
				5AE89531DE65444C8D448B35 /* MaterialIcons.ttf in Resources */,
				22949CB9C7694E6BBB471738 /* Octicons.ttf in Resources */,
				499B627A67C3441EA61E4C83 /* SimpleLineIcons.ttf in Resources */,
				4489512026484378901159FD /* Zocial.ttf in Resources */,
				AD6C50D97885481C9484B297 /* FuturaPT-Bold.ttf in Resources */,
				A1FFC697242C46EB941CDF78 /* FuturaPT-BoldObl.ttf in Resources */,
				138D716101F346F3A2F797C2 /* FuturaPT-Book.ttf in Resources */,
				7CB7F897111B424FADE25070 /* FuturaPT-BookObl.ttf in Resources */,
				6958D1D5CFA9490EA0F4E65B /* FuturaPT-Demi.ttf in Resources */,
				9B0EA21B6C474F0DB52BC68E /* FuturaPT-DemiObl.ttf in Resources */,
				8E6633AC93EB41E39393CA4B /* FuturaPT-ExtraBold.ttf in Resources */,
				9ABC5D273EB64ED4B39763CC /* FuturaPT-ExtraBoldObl.ttf in Resources */,
				A024E675CD76414D8139A721 /* FuturaPT-Heavy.ttf in Resources */,
				8D57DEF5ADDA4BD08E7A3D7E /* FuturaPT-HeavyObl.ttf in Resources */,
				BAC014812F5F4C02AD15ABC8 /* FuturaPT-Light.ttf in Resources */,
				A8368074D6BB4E9197002708 /* FuturaPT-LightObl.ttf in Resources */,
				7767868A89B34B4887E80144 /* FuturaPT-Medium.ttf in Resources */,
				7860CC1A7B674F82B76B788F /* FuturaPT-MediumObl.ttf in Resources */,
				B1A6B207512049D98B11DBB7 /* FuturaPTCond-Bold.ttf in Resources */,
				FBAF567516B8495C941D8A85 /* FuturaPTCond-BoldObl.ttf in Resources */,
				2764D213E4AA48F782F9563C /* FuturaPTCond-Book.ttf in Resources */,
				FF6C9CF82D2845E8ACE325C1 /* FuturaPTCond-BookObl.ttf in Resources */,
				4376779DE06F4B599D460D15 /* FuturaPTCond-ExtraBold.ttf in Resources */,
				BD901A81404448CAB1060D16 /* FuturaPTCond-ExtraBoldObl.ttf in Resources */,
				484558D7FDEE4C95B29FB219 /* FuturaPTCond-Medium.ttf in Resources */,
				8755594496E24278AAF3A4B4 /* FuturaPTCond-MediumObl.ttf in Resources */,
				D37832083E134BD3860A3C31 /* Raleway-Medium.ttf in Resources */,
			);
			runOnlyForDeploymentPostprocessing = 0;
		};
/* End PBXResourcesBuildPhase section */

/* Begin PBXShellScriptBuildPhase section */
		00DD1BFF1BD5951E006B06BC /* Bundle React Native code and images */ = {
			isa = PBXShellScriptBuildPhase;
			buildActionMask = 2147483647;
			files = (
			);
			inputPaths = (
			);
			name = "Bundle React Native code and images";
			outputPaths = (
			);
			runOnlyForDeploymentPostprocessing = 0;
			shellPath = /bin/sh;
			shellScript = "set -e\n\nexport NODE_BINARY=node\n../node_modules/react-native/scripts/react-native-xcode.sh\n";
		};
		FD10A7F022414F080027D42C /* Start Packager */ = {
			isa = PBXShellScriptBuildPhase;
			buildActionMask = 2147483647;
			files = (
			);
			inputFileListPaths = (
			);
			inputPaths = (
			);
			name = "Start Packager";
			outputFileListPaths = (
			);
			outputPaths = (
			);
			runOnlyForDeploymentPostprocessing = 0;
			shellPath = /bin/sh;
			shellScript = "export RCT_METRO_PORT=\"${RCT_METRO_PORT:=8081}\"\necho \"export RCT_METRO_PORT=${RCT_METRO_PORT}\" > \"${SRCROOT}/../node_modules/react-native/scripts/.packager.env\"\nif [ -z \"${RCT_NO_LAUNCH_PACKAGER+xxx}\" ] ; then\n  if nc -w 5 -z localhost ${RCT_METRO_PORT} ; then\n    if ! curl -s \"http://localhost:${RCT_METRO_PORT}/status\" | grep -q \"packager-status:running\" ; then\n      echo \"Port ${RCT_METRO_PORT} already in use, packager is either not running or not running correctly\"\n      exit 2\n    fi\n  else\n    open \"$SRCROOT/../node_modules/react-native/scripts/launchPackager.command\" || echo \"Can't start packager automatically\"\n  fi\nfi\n";
			showEnvVarsInLog = 0;
		};
/* End PBXShellScriptBuildPhase section */

/* Begin PBXSourcesBuildPhase section */
		00E356EA1AD99517003FC87E /* Sources */ = {
			isa = PBXSourcesBuildPhase;
			buildActionMask = 2147483647;
			files = (
				00E356F31AD99517003FC87E /* FoodInventoryTests.m in Sources */,
			);
			runOnlyForDeploymentPostprocessing = 0;
		};
		13B07F871A680F5B00A75B9A /* Sources */ = {
			isa = PBXSourcesBuildPhase;
			buildActionMask = 2147483647;
			files = (
				13B07FBC1A68108700A75B9A /* AppDelegate.m in Sources */,
				13B07FC11A68108700A75B9A /* main.m in Sources */,
			);
			runOnlyForDeploymentPostprocessing = 0;
		};
/* End PBXSourcesBuildPhase section */

/* Begin PBXTargetDependency section */
		00E356F51AD99517003FC87E /* PBXTargetDependency */ = {
			isa = PBXTargetDependency;
			target = 13B07F861A680F5B00A75B9A /* FoodInventory */;
			targetProxy = 00E356F41AD99517003FC87E /* PBXContainerItemProxy */;
		};
/* End PBXTargetDependency section */

/* Begin XCBuildConfiguration section */
		00E356F61AD99517003FC87E /* Debug */ = {
			isa = XCBuildConfiguration;
			buildSettings = {
				BUNDLE_LOADER = "$(TEST_HOST)";
				GCC_PREPROCESSOR_DEFINITIONS = (
					"DEBUG=1",
					"$(inherited)",
				);
				INFOPLIST_FILE = FoodInventoryTests/Info.plist;
				IPHONEOS_DEPLOYMENT_TARGET = 10.0;
				LD_RUNPATH_SEARCH_PATHS = (
					"$(inherited)",
					"@executable_path/Frameworks",
					"@loader_path/Frameworks",
				);
				OTHER_LDFLAGS = (
					"-ObjC",
					"-lc++",
					"$(inherited)",
				);
				PRODUCT_BUNDLE_IDENTIFIER = "org.reactjs.native.example.$(PRODUCT_NAME:rfc1034identifier)";
				PRODUCT_NAME = "$(TARGET_NAME)";
				TEST_HOST = "$(BUILT_PRODUCTS_DIR)/FoodInventory.app/FoodInventory";
			};
			name = Debug;
		};
		00E356F71AD99517003FC87E /* Release */ = {
			isa = XCBuildConfiguration;
			buildSettings = {
				BUNDLE_LOADER = "$(TEST_HOST)";
				COPY_PHASE_STRIP = NO;
				INFOPLIST_FILE = FoodInventoryTests/Info.plist;
				IPHONEOS_DEPLOYMENT_TARGET = 10.0;
				LD_RUNPATH_SEARCH_PATHS = (
					"$(inherited)",
					"@executable_path/Frameworks",
					"@loader_path/Frameworks",
				);
				OTHER_LDFLAGS = (
					"-ObjC",
					"-lc++",
					"$(inherited)",
				);
				PRODUCT_BUNDLE_IDENTIFIER = "org.reactjs.native.example.$(PRODUCT_NAME:rfc1034identifier)";
				PRODUCT_NAME = "$(TARGET_NAME)";
				TEST_HOST = "$(BUILT_PRODUCTS_DIR)/FoodInventory.app/FoodInventory";
			};
			name = Release;
		};
		13B07F941A680F5B00A75B9A /* Debug */ = {
			isa = XCBuildConfiguration;
			buildSettings = {
				ASSETCATALOG_COMPILER_APPICON_NAME = AppIcon;
				CLANG_ENABLE_MODULES = YES;
				CURRENT_PROJECT_VERSION = 1;
				ENABLE_BITCODE = NO;
				INFOPLIST_FILE = FoodInventory/Info.plist;
				LD_RUNPATH_SEARCH_PATHS = (
					"$(inherited)",
					"@executable_path/Frameworks",
				);
				OTHER_LDFLAGS = (
					"$(inherited)",
					"-ObjC",
					"-lc++",
				);
				PRODUCT_BUNDLE_IDENTIFIER = "org.reactjs.native.example.$(PRODUCT_NAME:rfc1034identifier)";
				PRODUCT_NAME = FoodInventory;
				SWIFT_OPTIMIZATION_LEVEL = "-Onone";
				SWIFT_VERSION = 5.0;
				VERSIONING_SYSTEM = "apple-generic";
			};
			name = Debug;
		};
		13B07F951A680F5B00A75B9A /* Release */ = {
			isa = XCBuildConfiguration;
			buildSettings = {
				ASSETCATALOG_COMPILER_APPICON_NAME = AppIcon;
				CLANG_ENABLE_MODULES = YES;
				CURRENT_PROJECT_VERSION = 1;
				INFOPLIST_FILE = FoodInventory/Info.plist;
				LD_RUNPATH_SEARCH_PATHS = (
					"$(inherited)",
					"@executable_path/Frameworks",
				);
				OTHER_LDFLAGS = (
					"$(inherited)",
					"-ObjC",
					"-lc++",
				);
				PRODUCT_BUNDLE_IDENTIFIER = "org.reactjs.native.example.$(PRODUCT_NAME:rfc1034identifier)";
				PRODUCT_NAME = FoodInventory;
				SWIFT_VERSION = 5.0;
				VERSIONING_SYSTEM = "apple-generic";
			};
			name = Release;
		};
		83CBBA201A601CBA00E9B192 /* Debug */ = {
			isa = XCBuildConfiguration;
			buildSettings = {
				ALWAYS_SEARCH_USER_PATHS = NO;
				CLANG_ANALYZER_LOCALIZABILITY_NONLOCALIZED = YES;
				CLANG_CXX_LANGUAGE_STANDARD = "gnu++0x";
				CLANG_CXX_LIBRARY = "libc++";
				CLANG_ENABLE_MODULES = YES;
				CLANG_ENABLE_OBJC_ARC = YES;
				CLANG_WARN_BLOCK_CAPTURE_AUTORELEASING = YES;
				CLANG_WARN_BOOL_CONVERSION = YES;
				CLANG_WARN_COMMA = YES;
				CLANG_WARN_CONSTANT_CONVERSION = YES;
				CLANG_WARN_DEPRECATED_OBJC_IMPLEMENTATIONS = YES;
				CLANG_WARN_DIRECT_OBJC_ISA_USAGE = YES_ERROR;
				CLANG_WARN_EMPTY_BODY = YES;
				CLANG_WARN_ENUM_CONVERSION = YES;
				CLANG_WARN_INFINITE_RECURSION = YES;
				CLANG_WARN_INT_CONVERSION = YES;
				CLANG_WARN_NON_LITERAL_NULL_CONVERSION = YES;
				CLANG_WARN_OBJC_IMPLICIT_RETAIN_SELF = YES;
				CLANG_WARN_OBJC_LITERAL_CONVERSION = YES;
				CLANG_WARN_OBJC_ROOT_CLASS = YES_ERROR;
				CLANG_WARN_QUOTED_INCLUDE_IN_FRAMEWORK_HEADER = YES;
				CLANG_WARN_RANGE_LOOP_ANALYSIS = YES;
				CLANG_WARN_STRICT_PROTOTYPES = YES;
				CLANG_WARN_SUSPICIOUS_MOVE = YES;
				CLANG_WARN_UNREACHABLE_CODE = YES;
				CLANG_WARN__DUPLICATE_METHOD_MATCH = YES;
				"CODE_SIGN_IDENTITY[sdk=iphoneos*]" = "iPhone Developer";
				COPY_PHASE_STRIP = NO;
				ENABLE_STRICT_OBJC_MSGSEND = YES;
				ENABLE_TESTABILITY = YES;
				GCC_C_LANGUAGE_STANDARD = gnu99;
				GCC_DYNAMIC_NO_PIC = NO;
				GCC_NO_COMMON_BLOCKS = YES;
				GCC_OPTIMIZATION_LEVEL = 0;
				GCC_PREPROCESSOR_DEFINITIONS = (
					"DEBUG=1",
					"$(inherited)",
				);
				GCC_SYMBOLS_PRIVATE_EXTERN = NO;
				GCC_WARN_64_TO_32_BIT_CONVERSION = YES;
				GCC_WARN_ABOUT_RETURN_TYPE = YES_ERROR;
				GCC_WARN_UNDECLARED_SELECTOR = YES;
				GCC_WARN_UNINITIALIZED_AUTOS = YES_AGGRESSIVE;
				GCC_WARN_UNUSED_FUNCTION = YES;
				GCC_WARN_UNUSED_VARIABLE = YES;
				IPHONEOS_DEPLOYMENT_TARGET = 10.0;
				LD_RUNPATH_SEARCH_PATHS = (
					/usr/lib/swift,
					"$(inherited)",
				);
				LIBRARY_SEARCH_PATHS = (
					"\"$(TOOLCHAIN_DIR)/usr/lib/swift/$(PLATFORM_NAME)\"",
					"\"$(TOOLCHAIN_DIR)/usr/lib/swift-5.0/$(PLATFORM_NAME)\"",
					"\"$(inherited)\"",
				);
				MTL_ENABLE_DEBUG_INFO = YES;
				ONLY_ACTIVE_ARCH = YES;
				SDKROOT = iphoneos;
			};
			name = Debug;
		};
		83CBBA211A601CBA00E9B192 /* Release */ = {
			isa = XCBuildConfiguration;
			buildSettings = {
				ALWAYS_SEARCH_USER_PATHS = NO;
				CLANG_ANALYZER_LOCALIZABILITY_NONLOCALIZED = YES;
				CLANG_CXX_LANGUAGE_STANDARD = "gnu++0x";
				CLANG_CXX_LIBRARY = "libc++";
				CLANG_ENABLE_MODULES = YES;
				CLANG_ENABLE_OBJC_ARC = YES;
				CLANG_WARN_BLOCK_CAPTURE_AUTORELEASING = YES;
				CLANG_WARN_BOOL_CONVERSION = YES;
				CLANG_WARN_COMMA = YES;
				CLANG_WARN_CONSTANT_CONVERSION = YES;
				CLANG_WARN_DEPRECATED_OBJC_IMPLEMENTATIONS = YES;
				CLANG_WARN_DIRECT_OBJC_ISA_USAGE = YES_ERROR;
				CLANG_WARN_EMPTY_BODY = YES;
				CLANG_WARN_ENUM_CONVERSION = YES;
				CLANG_WARN_INFINITE_RECURSION = YES;
				CLANG_WARN_INT_CONVERSION = YES;
				CLANG_WARN_NON_LITERAL_NULL_CONVERSION = YES;
				CLANG_WARN_OBJC_IMPLICIT_RETAIN_SELF = YES;
				CLANG_WARN_OBJC_LITERAL_CONVERSION = YES;
				CLANG_WARN_OBJC_ROOT_CLASS = YES_ERROR;
				CLANG_WARN_QUOTED_INCLUDE_IN_FRAMEWORK_HEADER = YES;
				CLANG_WARN_RANGE_LOOP_ANALYSIS = YES;
				CLANG_WARN_STRICT_PROTOTYPES = YES;
				CLANG_WARN_SUSPICIOUS_MOVE = YES;
				CLANG_WARN_UNREACHABLE_CODE = YES;
				CLANG_WARN__DUPLICATE_METHOD_MATCH = YES;
				"CODE_SIGN_IDENTITY[sdk=iphoneos*]" = "iPhone Developer";
				COPY_PHASE_STRIP = YES;
				ENABLE_NS_ASSERTIONS = NO;
				ENABLE_STRICT_OBJC_MSGSEND = YES;
				GCC_C_LANGUAGE_STANDARD = gnu99;
				GCC_NO_COMMON_BLOCKS = YES;
				GCC_WARN_64_TO_32_BIT_CONVERSION = YES;
				GCC_WARN_ABOUT_RETURN_TYPE = YES_ERROR;
				GCC_WARN_UNDECLARED_SELECTOR = YES;
				GCC_WARN_UNINITIALIZED_AUTOS = YES_AGGRESSIVE;
				GCC_WARN_UNUSED_FUNCTION = YES;
				GCC_WARN_UNUSED_VARIABLE = YES;
				IPHONEOS_DEPLOYMENT_TARGET = 10.0;
				LD_RUNPATH_SEARCH_PATHS = (
					/usr/lib/swift,
					"$(inherited)",
				);
				LIBRARY_SEARCH_PATHS = (
					"\"$(TOOLCHAIN_DIR)/usr/lib/swift/$(PLATFORM_NAME)\"",
					"\"$(TOOLCHAIN_DIR)/usr/lib/swift-5.0/$(PLATFORM_NAME)\"",
					"\"$(inherited)\"",
				);
				MTL_ENABLE_DEBUG_INFO = NO;
				SDKROOT = iphoneos;
				VALIDATE_PRODUCT = YES;
			};
			name = Release;
		};
/* End XCBuildConfiguration section */

/* Begin XCConfigurationList section */
		00E357021AD99517003FC87E /* Build configuration list for PBXNativeTarget "FoodInventoryTests" */ = {
			isa = XCConfigurationList;
			buildConfigurations = (
				00E356F61AD99517003FC87E /* Debug */,
				00E356F71AD99517003FC87E /* Release */,
			);
			defaultConfigurationIsVisible = 0;
			defaultConfigurationName = Release;
		};
		13B07F931A680F5B00A75B9A /* Build configuration list for PBXNativeTarget "FoodInventory" */ = {
			isa = XCConfigurationList;
			buildConfigurations = (
				13B07F941A680F5B00A75B9A /* Debug */,
				13B07F951A680F5B00A75B9A /* Release */,
			);
			defaultConfigurationIsVisible = 0;
			defaultConfigurationName = Release;
		};
		83CBB9FA1A601CBA00E9B192 /* Build configuration list for PBXProject "FoodInventory" */ = {
			isa = XCConfigurationList;
			buildConfigurations = (
				83CBBA201A601CBA00E9B192 /* Debug */,
				83CBBA211A601CBA00E9B192 /* Release */,
			);
			defaultConfigurationIsVisible = 0;
			defaultConfigurationName = Release;
		};
/* End XCConfigurationList section */
	};
	rootObject = 83CBB9F71A601CBA00E9B192 /* Project object */;
}
